// !$*UTF8*$!
{
	archiveVersion = 1;
	classes = {
	};
	objectVersion = 46;
	objects = {

/* Begin PBXBuildFile section */
		2DC4998A1C7BEB3E0070D993 /* Configuration.cpp in Sources */ = {isa = PBXBuildFile; fileRef = 2DC499651C7BEB3E0070D993 /* Configuration.cpp */; };
		2DC4998B1C7BEB3E0070D993 /* Player.cpp in Sources */ = {isa = PBXBuildFile; fileRef = 2DC499661C7BEB3E0070D993 /* Player.cpp */; };
		2DC4998C1C7BEB3E0070D993 /* ResourceManager.tpl in Resources */ = {isa = PBXBuildFile; fileRef = 2DC499671C7BEB3E0070D993 /* ResourceManager.tpl */; };
		2DC4998D1C7BEB3E0070D993 /* Saucer.cpp in Sources */ = {isa = PBXBuildFile; fileRef = 2DC499681C7BEB3E0070D993 /* Saucer.cpp */; };
		2DC4998E1C7BEB3E0070D993 /* Entity.cpp in Sources */ = {isa = PBXBuildFile; fileRef = 2DC499691C7BEB3E0070D993 /* Entity.cpp */; };
		2DC4998F1C7BEB3E0070D993 /* Game.cpp in Sources */ = {isa = PBXBuildFile; fileRef = 2DC4996A1C7BEB3E0070D993 /* Game.cpp */; };
		2DC499901C7BEB3E0070D993 /* Shoot.cpp in Sources */ = {isa = PBXBuildFile; fileRef = 2DC4996B1C7BEB3E0070D993 /* Shoot.cpp */; };
		2DC499911C7BEB3E0070D993 /* Entity.tpl in Resources */ = {isa = PBXBuildFile; fileRef = 2DC4996E1C7BEB3E0070D993 /* Entity.tpl */; };
		2DC499921C7BEB3E0070D993 /* World.cpp in Sources */ = {isa = PBXBuildFile; fileRef = 2DC499711C7BEB3E0070D993 /* World.cpp */; };
		2DC499931C7BEB3E0070D993 /* Enemy.cpp in Sources */ = {isa = PBXBuildFile; fileRef = 2DC499731C7BEB3E0070D993 /* Enemy.cpp */; };
		2DC499941C7BEB3E0070D993 /* Meteor.cpp in Sources */ = {isa = PBXBuildFile; fileRef = 2DC499741C7BEB3E0070D993 /* Meteor.cpp */; };
		2DC499951C7BEB3E0070D993 /* Action.cpp in Sources */ = {isa = PBXBuildFile; fileRef = 2DC4997A1C7BEB3E0070D993 /* Action.cpp */; };
		2DC499961C7BEB3E0070D993 /* ActionMap.tpl in Resources */ = {isa = PBXBuildFile; fileRef = 2DC4997D1C7BEB3E0070D993 /* ActionMap.tpl */; };
		2DC499971C7BEB3E0070D993 /* ActionTarget.tpl in Resources */ = {isa = PBXBuildFile; fileRef = 2DC4997F1C7BEB3E0070D993 /* ActionTarget.tpl */; };
		2DC499981C7BEB3E0070D993 /* Collision.cpp in Sources */ = {isa = PBXBuildFile; fileRef = 2DC499811C7BEB3E0070D993 /* Collision.cpp */; };
		2DC499991C7BEB3E0070D993 /* sounds in Resources */ = {isa = PBXBuildFile; fileRef = 2DC499831C7BEB3E0070D993 /* sounds */; };
		2DC4999A1C7BEB3E0070D993 /* musics in Resources */ = {isa = PBXBuildFile; fileRef = 2DC499841C7BEB3E0070D993 /* musics */; };
		2DC4999B1C7BEB3E0070D993 /* font in Resources */ = {isa = PBXBuildFile; fileRef = 2DC499851C7BEB3E0070D993 /* font */; };
		2DC4999C1C7BEB3E0070D993 /* Meteor in Resources */ = {isa = PBXBuildFile; fileRef = 2DC499861C7BEB3E0070D993 /* Meteor */; };
		2DC4999D1C7BEB3E0070D993 /* Player in Resources */ = {isa = PBXBuildFile; fileRef = 2DC499871C7BEB3E0070D993 /* Player */; };
		2DC4999E1C7BEB3E0070D993 /* Saucer in Resources */ = {isa = PBXBuildFile; fileRef = 2DC499881C7BEB3E0070D993 /* Saucer */; };
		2DC4999F1C7BEB3E0070D993 /* Shoot in Resources */ = {isa = PBXBuildFile; fileRef = 2DC499891C7BEB3E0070D993 /* Shoot */; };
		2DC499A61C7BEC9E0070D993 /* main.cpp in Sources */ = {isa = PBXBuildFile; fileRef = 2DC499A51C7BEC9E0070D993 /* main.cpp */; };
/* End PBXBuildFile section */

/* Begin PBXFileReference section */
		2DC4994D1C7BEAAD0070D993 /* AsteroidJazz2.app */ = {isa = PBXFileReference; explicitFileType = wrapper.application; includeInIndex = 0; path = AsteroidJazz2.app; sourceTree = BUILT_PRODUCTS_DIR; };
		2DC499511C7BEAAD0070D993 /* AsteroidJazz2-Info.plist */ = {isa = PBXFileReference; lastKnownFileType = text.plist.xml; path = "AsteroidJazz2-Info.plist"; sourceTree = "<group>"; };
		2DC499651C7BEB3E0070D993 /* Configuration.cpp */ = {isa = PBXFileReference; fileEncoding = 4; lastKnownFileType = sourcecode.cpp.cpp; path = Configuration.cpp; sourceTree = "<group>"; };
		2DC499661C7BEB3E0070D993 /* Player.cpp */ = {isa = PBXFileReference; fileEncoding = 4; lastKnownFileType = sourcecode.cpp.cpp; path = Player.cpp; sourceTree = "<group>"; };
		2DC499671C7BEB3E0070D993 /* ResourceManager.tpl */ = {isa = PBXFileReference; fileEncoding = 4; lastKnownFileType = text; path = ResourceManager.tpl; sourceTree = "<group>"; };
		2DC499681C7BEB3E0070D993 /* Saucer.cpp */ = {isa = PBXFileReference; fileEncoding = 4; lastKnownFileType = sourcecode.cpp.cpp; path = Saucer.cpp; sourceTree = "<group>"; };
		2DC499691C7BEB3E0070D993 /* Entity.cpp */ = {isa = PBXFileReference; fileEncoding = 4; lastKnownFileType = sourcecode.cpp.cpp; path = Entity.cpp; sourceTree = "<group>"; };
		2DC4996A1C7BEB3E0070D993 /* Game.cpp */ = {isa = PBXFileReference; fileEncoding = 4; lastKnownFileType = sourcecode.cpp.cpp; path = Game.cpp; sourceTree = "<group>"; };
		2DC4996B1C7BEB3E0070D993 /* Shoot.cpp */ = {isa = PBXFileReference; fileEncoding = 4; lastKnownFileType = sourcecode.cpp.cpp; path = Shoot.cpp; sourceTree = "<group>"; };
		2DC4996C1C7BEB3E0070D993 /* Shoot.hpp */ = {isa = PBXFileReference; fileEncoding = 4; lastKnownFileType = sourcecode.cpp.h; path = Shoot.hpp; sourceTree = "<group>"; };
		2DC4996D1C7BEB3E0070D993 /* Entity.hpp */ = {isa = PBXFileReference; fileEncoding = 4; lastKnownFileType = sourcecode.cpp.h; path = Entity.hpp; sourceTree = "<group>"; };
		2DC4996E1C7BEB3E0070D993 /* Entity.tpl */ = {isa = PBXFileReference; fileEncoding = 4; lastKnownFileType = text; path = Entity.tpl; sourceTree = "<group>"; };
		2DC4996F1C7BEB3E0070D993 /* Player.hpp */ = {isa = PBXFileReference; fileEncoding = 4; lastKnownFileType = sourcecode.cpp.h; path = Player.hpp; sourceTree = "<group>"; };
		2DC499701C7BEB3E0070D993 /* Game.hpp */ = {isa = PBXFileReference; fileEncoding = 4; lastKnownFileType = sourcecode.cpp.h; path = Game.hpp; sourceTree = "<group>"; };
		2DC499711C7BEB3E0070D993 /* World.cpp */ = {isa = PBXFileReference; fileEncoding = 4; lastKnownFileType = sourcecode.cpp.cpp; path = World.cpp; sourceTree = "<group>"; };
		2DC499721C7BEB3E0070D993 /* Configuration.hpp */ = {isa = PBXFileReference; fileEncoding = 4; lastKnownFileType = sourcecode.cpp.h; path = Configuration.hpp; sourceTree = "<group>"; };
		2DC499731C7BEB3E0070D993 /* Enemy.cpp */ = {isa = PBXFileReference; fileEncoding = 4; lastKnownFileType = sourcecode.cpp.cpp; path = Enemy.cpp; sourceTree = "<group>"; };
		2DC499741C7BEB3E0070D993 /* Meteor.cpp */ = {isa = PBXFileReference; fileEncoding = 4; lastKnownFileType = sourcecode.cpp.cpp; path = Meteor.cpp; sourceTree = "<group>"; };
		2DC499751C7BEB3E0070D993 /* Meteor.hpp */ = {isa = PBXFileReference; fileEncoding = 4; lastKnownFileType = sourcecode.cpp.h; path = Meteor.hpp; sourceTree = "<group>"; };
		2DC499761C7BEB3E0070D993 /* Random.hpp */ = {isa = PBXFileReference; fileEncoding = 4; lastKnownFileType = sourcecode.cpp.h; path = Random.hpp; sourceTree = "<group>"; };
		2DC499771C7BEB3E0070D993 /* Saucer.hpp */ = {isa = PBXFileReference; fileEncoding = 4; lastKnownFileType = sourcecode.cpp.h; path = Saucer.hpp; sourceTree = "<group>"; };
		2DC499781C7BEB3E0070D993 /* World.hpp */ = {isa = PBXFileReference; fileEncoding = 4; lastKnownFileType = sourcecode.cpp.h; path = World.hpp; sourceTree = "<group>"; };
		2DC499791C7BEB3E0070D993 /* Enemy.hpp */ = {isa = PBXFileReference; fileEncoding = 4; lastKnownFileType = sourcecode.cpp.h; path = Enemy.hpp; sourceTree = "<group>"; };
		2DC4997A1C7BEB3E0070D993 /* Action.cpp */ = {isa = PBXFileReference; fileEncoding = 4; lastKnownFileType = sourcecode.cpp.cpp; path = Action.cpp; sourceTree = "<group>"; };
		2DC4997B1C7BEB3E0070D993 /* Action.hpp */ = {isa = PBXFileReference; fileEncoding = 4; lastKnownFileType = sourcecode.cpp.h; path = Action.hpp; sourceTree = "<group>"; };
		2DC4997C1C7BEB3E0070D993 /* ActionMap.hpp */ = {isa = PBXFileReference; fileEncoding = 4; lastKnownFileType = sourcecode.cpp.h; path = ActionMap.hpp; sourceTree = "<group>"; };
		2DC4997D1C7BEB3E0070D993 /* ActionMap.tpl */ = {isa = PBXFileReference; fileEncoding = 4; lastKnownFileType = text; path = ActionMap.tpl; sourceTree = "<group>"; };
		2DC4997E1C7BEB3E0070D993 /* ActionTarget.hpp */ = {isa = PBXFileReference; fileEncoding = 4; lastKnownFileType = sourcecode.cpp.h; path = ActionTarget.hpp; sourceTree = "<group>"; };
		2DC4997F1C7BEB3E0070D993 /* ActionTarget.tpl */ = {isa = PBXFileReference; fileEncoding = 4; lastKnownFileType = text; path = ActionTarget.tpl; sourceTree = "<group>"; };
		2DC499801C7BEB3E0070D993 /* ResourceManager.hpp */ = {isa = PBXFileReference; fileEncoding = 4; lastKnownFileType = sourcecode.cpp.h; path = ResourceManager.hpp; sourceTree = "<group>"; };
		2DC499811C7BEB3E0070D993 /* Collision.cpp */ = {isa = PBXFileReference; fileEncoding = 4; lastKnownFileType = sourcecode.cpp.cpp; path = Collision.cpp; sourceTree = "<group>"; };
		2DC499821C7BEB3E0070D993 /* Collision.hpp */ = {isa = PBXFileReference; fileEncoding = 4; lastKnownFileType = sourcecode.cpp.h; path = Collision.hpp; sourceTree = "<group>"; };
		2DC499831C7BEB3E0070D993 /* sounds */ = {isa = PBXFileReference; lastKnownFileType = folder; path = sounds; sourceTree = "<group>"; };
		2DC499841C7BEB3E0070D993 /* musics */ = {isa = PBXFileReference; lastKnownFileType = folder; path = musics; sourceTree = "<group>"; };
		2DC499851C7BEB3E0070D993 /* font */ = {isa = PBXFileReference; lastKnownFileType = folder; path = font; sourceTree = "<group>"; };
		2DC499861C7BEB3E0070D993 /* Meteor */ = {isa = PBXFileReference; lastKnownFileType = folder; path = Meteor; sourceTree = "<group>"; };
		2DC499871C7BEB3E0070D993 /* Player */ = {isa = PBXFileReference; lastKnownFileType = folder; path = Player; sourceTree = "<group>"; };
		2DC499881C7BEB3E0070D993 /* Saucer */ = {isa = PBXFileReference; lastKnownFileType = folder; path = Saucer; sourceTree = "<group>"; };
		2DC499891C7BEB3E0070D993 /* Shoot */ = {isa = PBXFileReference; lastKnownFileType = folder; path = Shoot; sourceTree = "<group>"; };
		2DC499A51C7BEC9E0070D993 /* main.cpp */ = {isa = PBXFileReference; fileEncoding = 4; lastKnownFileType = sourcecode.cpp.cpp; path = main.cpp; sourceTree = "<group>"; };
/* End PBXFileReference section */

/* Begin PBXFrameworksBuildPhase section */
		2DC499491C7BEAAD0070D993 /* Frameworks */ = {
			isa = PBXFrameworksBuildPhase;
			buildActionMask = 2147483647;
			files = (
			);
			runOnlyForDeploymentPostprocessing = 0;
		};
/* End PBXFrameworksBuildPhase section */

/* Begin PBXGroup section */
		2DC499431C7BEAAD0070D993 = {
			isa = PBXGroup;
			children = (
				2DC4994F1C7BEAAD0070D993 /* AsteroidJazz2 */,
				2DC4994E1C7BEAAD0070D993 /* Products */,
			);
			sourceTree = "<group>";
		};
		2DC4994E1C7BEAAD0070D993 /* Products */ = {
			isa = PBXGroup;
			children = (
				2DC4994D1C7BEAAD0070D993 /* AsteroidJazz2.app */,
			);
			name = Products;
			sourceTree = "<group>";
		};
		2DC4994F1C7BEAAD0070D993 /* AsteroidJazz2 */ = {
			isa = PBXGroup;
			children = (
				2DC499651C7BEB3E0070D993 /* Configuration.cpp */,
				2DC499661C7BEB3E0070D993 /* Player.cpp */,
				2DC499671C7BEB3E0070D993 /* ResourceManager.tpl */,
				2DC499801C7BEB3E0070D993 /* ResourceManager.hpp */,
				2DC499681C7BEB3E0070D993 /* Saucer.cpp */,
				2DC499691C7BEB3E0070D993 /* Entity.cpp */,
				2DC4996A1C7BEB3E0070D993 /* Game.cpp */,
				2DC4996B1C7BEB3E0070D993 /* Shoot.cpp */,
				2DC4996C1C7BEB3E0070D993 /* Shoot.hpp */,
				2DC4996D1C7BEB3E0070D993 /* Entity.hpp */,
				2DC4996E1C7BEB3E0070D993 /* Entity.tpl */,
				2DC4996F1C7BEB3E0070D993 /* Player.hpp */,
				2DC499701C7BEB3E0070D993 /* Game.hpp */,
				2DC499711C7BEB3E0070D993 /* World.cpp */,
				2DC499721C7BEB3E0070D993 /* Configuration.hpp */,
				2DC499731C7BEB3E0070D993 /* Enemy.cpp */,
				2DC499741C7BEB3E0070D993 /* Meteor.cpp */,
				2DC499751C7BEB3E0070D993 /* Meteor.hpp */,
				2DC499761C7BEB3E0070D993 /* Random.hpp */,
				2DC499771C7BEB3E0070D993 /* Saucer.hpp */,
				2DC499781C7BEB3E0070D993 /* World.hpp */,
				2DC499791C7BEB3E0070D993 /* Enemy.hpp */,
				2DC4997A1C7BEB3E0070D993 /* Action.cpp */,
				2DC4997B1C7BEB3E0070D993 /* Action.hpp */,
				2DC4997C1C7BEB3E0070D993 /* ActionMap.hpp */,
				2DC4997D1C7BEB3E0070D993 /* ActionMap.tpl */,
				2DC4997E1C7BEB3E0070D993 /* ActionTarget.hpp */,
				2DC4997F1C7BEB3E0070D993 /* ActionTarget.tpl */,
				2DC499811C7BEB3E0070D993 /* Collision.cpp */,
				2DC499821C7BEB3E0070D993 /* Collision.hpp */,
				2DC499831C7BEB3E0070D993 /* sounds */,
				2DC499841C7BEB3E0070D993 /* musics */,
				2DC499851C7BEB3E0070D993 /* font */,
				2DC499861C7BEB3E0070D993 /* Meteor */,
				2DC499871C7BEB3E0070D993 /* Player */,
				2DC499881C7BEB3E0070D993 /* Saucer */,
				2DC499891C7BEB3E0070D993 /* Shoot */,
				2DC499571C7BEAAD0070D993 /* Resources */,
				2DC499501C7BEAAD0070D993 /* Supporting Files */,
				2DC499A51C7BEC9E0070D993 /* main.cpp */,
			);
			path = AsteroidJazz2;
			sourceTree = "<group>";
		};
		2DC499501C7BEAAD0070D993 /* Supporting Files */ = {
			isa = PBXGroup;
			children = (
				2DC499511C7BEAAD0070D993 /* AsteroidJazz2-Info.plist */,
			);
			name = "Supporting Files";
			sourceTree = "<group>";
		};
		2DC499571C7BEAAD0070D993 /* Resources */ = {
			isa = PBXGroup;
			children = (
			);
			name = Resources;
			sourceTree = "<group>";
		};
/* End PBXGroup section */

/* Begin PBXNativeTarget section */
		2DC4994C1C7BEAAD0070D993 /* AsteroidJazz2 */ = {
			isa = PBXNativeTarget;
			buildConfigurationList = 2DC499621C7BEAAD0070D993 /* Build configuration list for PBXNativeTarget "AsteroidJazz2" */;
			buildPhases = (
				2DC499481C7BEAAD0070D993 /* Sources */,
				2DC499491C7BEAAD0070D993 /* Frameworks */,
				2DC4994A1C7BEAAD0070D993 /* Resources */,
				2DC4994B1C7BEAAD0070D993 /* ShellScript */,
			);
			buildRules = (
			);
			dependencies = (
			);
			name = AsteroidJazz2;
			productName = AsteroidJazz2;
			productReference = 2DC4994D1C7BEAAD0070D993 /* AsteroidJazz2.app */;
			productType = "com.apple.product-type.application";
		};
/* End PBXNativeTarget section */

/* Begin PBXProject section */
		2DC499441C7BEAAD0070D993 /* Project object */ = {
			isa = PBXProject;
			attributes = {
				LastUpgradeCheck = 0640;
				ORGANIZATIONNAME = APM;
				TargetAttributes = {
					2DC4994C1C7BEAAD0070D993 = {
						CreatedOnToolsVersion = 6.4;
					};
				};
			};
			buildConfigurationList = 2DC499471C7BEAAD0070D993 /* Build configuration list for PBXProject "AsteroidJazz2" */;
			compatibilityVersion = "Xcode 3.2";
			developmentRegion = English;
			hasScannedForEncodings = 0;
			knownRegions = (
				en,
			);
			mainGroup = 2DC499431C7BEAAD0070D993;
			productRefGroup = 2DC4994E1C7BEAAD0070D993 /* Products */;
			projectDirPath = "";
			projectRoot = "";
			targets = (
				2DC4994C1C7BEAAD0070D993 /* AsteroidJazz2 */,
			);
		};
/* End PBXProject section */

/* Begin PBXResourcesBuildPhase section */
		2DC4994A1C7BEAAD0070D993 /* Resources */ = {
			isa = PBXResourcesBuildPhase;
			buildActionMask = 2147483647;
			files = (
				2DC4999F1C7BEB3E0070D993 /* Shoot in Resources */,
				2DC499991C7BEB3E0070D993 /* sounds in Resources */,
				2DC499961C7BEB3E0070D993 /* ActionMap.tpl in Resources */,
				2DC4999C1C7BEB3E0070D993 /* Meteor in Resources */,
				2DC4998C1C7BEB3E0070D993 /* ResourceManager.tpl in Resources */,
				2DC499911C7BEB3E0070D993 /* Entity.tpl in Resources */,
				2DC4999E1C7BEB3E0070D993 /* Saucer in Resources */,
				2DC4999B1C7BEB3E0070D993 /* font in Resources */,
				2DC4999A1C7BEB3E0070D993 /* musics in Resources */,
				2DC4999D1C7BEB3E0070D993 /* Player in Resources */,
				2DC499971C7BEB3E0070D993 /* ActionTarget.tpl in Resources */,
			);
			runOnlyForDeploymentPostprocessing = 0;
		};
/* End PBXResourcesBuildPhase section */

/* Begin PBXShellScriptBuildPhase section */
		2DC4994B1C7BEAAD0070D993 /* ShellScript */ = {
			isa = PBXShellScriptBuildPhase;
			buildActionMask = 2147483647;
			files = (
			);
			inputPaths = (
			);
			outputPaths = (
			);
			runOnlyForDeploymentPostprocessing = 0;
			shellPath = /bin/sh;
			shellScript = "# This shell script simply copies required SFML dylibs/frameworks into the application bundle frameworks folder.\n# If you're using static libraries (which is not recommended) you should remove this script from your project.\n\n# SETTINGS\nCMAKE_INSTALL_FRAMEWORK_PREFIX=\"/Library/Frameworks\"\nCMAKE_INSTALL_LIB_PREFIX=\"/usr/local/lib\"\nFRAMEWORKS_FULL_PATH=\"$BUILT_PRODUCTS_DIR/$FRAMEWORKS_FOLDER_PATH/\"\n\n# Are we building a project that uses frameworks or dylibs?\ncase \"$SFML_BINARY_TYPE\" in\n    DYLIBS)\n        frameworks=\"false\"\n        ;;\n    *)\n        frameworks=\"true\"\n        ;;\nesac\n\n# Echoes to stderr\nerror () # $* message to display\n{\n    echo $* 1>&2\n    exit 2\n}\n\nassert () # $1 is a boolean, $2...N is an error message\n{\n    if [ $# -lt 2 ]\n    then\n        error \"Internal error in assert: not enough args\"\n    fi\n\n    if [ $1 -ne 0 ]\n    then\n        shift\n        error \"$*\"\n    fi\n}\n\nforce_remove () # $@ is some paths\n{\n    test $# -ge 1\n    assert $? \"force_remove() requires at least one parameter\"\n    rm -fr $@\n    assert $? \"couldn't remove $@\"\n}\n\ncopy () # $1 is a source, $2 is a destination\n{\n    test $# -eq 2\n    assert $? \"copy() requires two parameters\"\n    ditto \"$1\" \"$2\"\n    assert $? \"couldn't copy $1 to $2\"\n}\n\nrequire () # $1 is a SFML module like 'system' or 'audio'\n{\n    dest=\"$BUILT_PRODUCTS_DIR/$FRAMEWORKS_FOLDER_PATH/\"\n\n    if [ -z \"$1\" ]\n    then\n        error \"require() requires one parameter!\"\n    else\n        # clean potentially old stuff\n        force_remove \"$dest/libsfml-$1\"*\n        force_remove \"$dest/sfml-$1.framework\"\n\n        # copy SFML libraries\n        if [ \"$frameworks\" = \"true\" ]\n        then\n            source=\"$CMAKE_INSTALL_FRAMEWORK_PREFIX/sfml-$1.framework\"\n            target=\"sfml-$1.framework\"\n        elif [ \"$SFML_LINK_DYLIBS_SUFFIX\" = \"-d\" ]\n        then\n            source=\"$CMAKE_INSTALL_LIB_PREFIX/libsfml-$1-d.dylib\"\n            target=\"`readlink $source`\"\n        else\n            source=\"$CMAKE_INSTALL_LIB_PREFIX/libsfml-$1.dylib\"\n            target=\"`readlink $source`\"\n        fi\n\n        copy \"$source\" \"$dest/$target\"\n\n        # copy extra dependencies\n        if [ \"$1\" = \"audio\" ]\n        then\n            # copy \"FLAC\" \"ogg\" \"vorbis\" \"vorbisenc\" \"vorbisfile\" \"OpenAL\" frameworks too\n            for f in \"FLAC\" \"ogg\" \"vorbis\" \"vorbisenc\" \"vorbisfile\" \"OpenAL\"\n            do\n                copy \"$CMAKE_INSTALL_FRAMEWORK_PREFIX/$f.framework\" \"$dest/$f.framework\"\n            done\n        elif [ \"$1\" = \"graphics\" ]\n        then\n            copy \"$CMAKE_INSTALL_FRAMEWORK_PREFIX/freetype.framework\" \"$dest/freetype.framework\"\n        fi\n    fi\n}\n\nif [ -n \"$SFML_SYSTEM\" ]\nthen\n    require \"system\"\nfi\n\nif [ -n \"$SFML_AUDIO\" ]\nthen\n    require \"audio\"\nfi\n\nif [ -n \"$SFML_NETWORK\" ]\nthen\n    require \"network\"\nfi\n\nif [ -n \"$SFML_WINDOW\" ]\nthen\n    require \"window\"\nfi\n\nif [ -n \"$SFML_GRAPHICS\" ]\nthen\n    require \"graphics\"\nfi\n\n                ";
		};
/* End PBXShellScriptBuildPhase section */

/* Begin PBXSourcesBuildPhase section */
		2DC499481C7BEAAD0070D993 /* Sources */ = {
			isa = PBXSourcesBuildPhase;
			buildActionMask = 2147483647;
			files = (
				2DC499981C7BEB3E0070D993 /* Collision.cpp in Sources */,
				2DC499931C7BEB3E0070D993 /* Enemy.cpp in Sources */,
				2DC4998E1C7BEB3E0070D993 /* Entity.cpp in Sources */,
				2DC499921C7BEB3E0070D993 /* World.cpp in Sources */,
				2DC499941C7BEB3E0070D993 /* Meteor.cpp in Sources */,
				2DC4998D1C7BEB3E0070D993 /* Saucer.cpp in Sources */,
				2DC4998B1C7BEB3E0070D993 /* Player.cpp in Sources */,
				2DC4998A1C7BEB3E0070D993 /* Configuration.cpp in Sources */,
				2DC4998F1C7BEB3E0070D993 /* Game.cpp in Sources */,
				2DC499A61C7BEC9E0070D993 /* main.cpp in Sources */,
				2DC499901C7BEB3E0070D993 /* Shoot.cpp in Sources */,
				2DC499951C7BEB3E0070D993 /* Action.cpp in Sources */,
			);
			runOnlyForDeploymentPostprocessing = 0;
		};
/* End PBXSourcesBuildPhase section */

/* Begin XCBuildConfiguration section */
		2DC499601C7BEAAD0070D993 /* Debug */ = {
			isa = XCBuildConfiguration;
			buildSettings = {
				ARCHS = (
					i386,
					x86_64,
				);
				CLANG_CXX_LANGUAGE_STANDARD = "c++0x";
				CLANG_CXX_LIBRARY = "libc++";
				FRAMEWORK_SEARCH_PATHS = (
					/Library/Frameworks/,
					"$(inherited)",
				);
				GCC_VERSION = com.apple.compilers.llvm.clang.1_0;
				HEADER_SEARCH_PATHS = (
					/usr/local/include/,
					"$(inherited)",
				);
				LIBRARY_SEARCH_PATHS = (
					/usr/local/lib/,
					"$(inherited)",
				);
				MACOSX_DEPLOYMENT_TARGET = 10.7;
				OTHER_LDFLAGS = (
					"$(inherited)",
					"$(SFML_SYSTEM)",
					"$(SFML_WINDOW)",
					"$(SFML_GRAPHICS)",
					"$(SFML_AUDIO)",
					"$(SFML_NETWORK)",
				);
				SFML_AUDIO = "$(SFML_LINK_PREFIX) sfml-audio$(SFML_LINK_SUFFIX)";
				SFML_BINARY_TYPE = FRAMEWORKS;
				SFML_GRAPHICS = "$(SFML_LINK_PREFIX) sfml-graphics$(SFML_LINK_SUFFIX)";
				SFML_LINK_DYLIBS_PREFIX = "-l";
				SFML_LINK_DYLIBS_SUFFIX = "";
				SFML_LINK_FRAMEWORKS_PREFIX = "-framework";
				SFML_LINK_FRAMEWORKS_SUFFIX = "";
				SFML_LINK_PREFIX = "$(SFML_LINK_$(SFML_BINARY_TYPE)_PREFIX)";
				SFML_LINK_SUFFIX = "$(SFML_LINK_$(SFML_BINARY_TYPE)_SUFFIX)";
				SFML_NETWORK = "$(SFML_LINK_PREFIX) sfml-network$(SFML_LINK_SUFFIX)";
				SFML_SYSTEM = "$(SFML_LINK_PREFIX) sfml-system$(SFML_LINK_SUFFIX)";
				SFML_WINDOW = "$(SFML_LINK_PREFIX) sfml-window$(SFML_LINK_SUFFIX)";
				SUPPORTED_PLATFORMS = macosx;
			};
			name = Debug;
		};
		2DC499611C7BEAAD0070D993 /* Release */ = {
			isa = XCBuildConfiguration;
			buildSettings = {
				ARCHS = (
					i386,
					x86_64,
				);
				CLANG_CXX_LANGUAGE_STANDARD = "c++0x";
				CLANG_CXX_LIBRARY = "libc++";
				FRAMEWORK_SEARCH_PATHS = (
					/Library/Frameworks/,
					"$(inherited)",
				);
				GCC_VERSION = com.apple.compilers.llvm.clang.1_0;
				HEADER_SEARCH_PATHS = (
					/usr/local/include/,
					"$(inherited)",
				);
				LIBRARY_SEARCH_PATHS = (
					/usr/local/lib/,
					"$(inherited)",
				);
				MACOSX_DEPLOYMENT_TARGET = 10.7;
				OTHER_LDFLAGS = (
					"$(inherited)",
					"$(SFML_SYSTEM)",
					"$(SFML_WINDOW)",
					"$(SFML_GRAPHICS)",
					"$(SFML_AUDIO)",
					"$(SFML_NETWORK)",
				);
				SFML_AUDIO = "$(SFML_LINK_PREFIX) sfml-audio$(SFML_LINK_SUFFIX)";
				SFML_BINARY_TYPE = FRAMEWORKS;
				SFML_GRAPHICS = "$(SFML_LINK_PREFIX) sfml-graphics$(SFML_LINK_SUFFIX)";
				SFML_LINK_DYLIBS_PREFIX = "-l";
				SFML_LINK_DYLIBS_SUFFIX = "";
				SFML_LINK_FRAMEWORKS_PREFIX = "-framework";
				SFML_LINK_FRAMEWORKS_SUFFIX = "";
				SFML_LINK_PREFIX = "$(SFML_LINK_$(SFML_BINARY_TYPE)_PREFIX)";
				SFML_LINK_SUFFIX = "$(SFML_LINK_$(SFML_BINARY_TYPE)_SUFFIX)";
				SFML_NETWORK = "$(SFML_LINK_PREFIX) sfml-network$(SFML_LINK_SUFFIX)";
				SFML_SYSTEM = "$(SFML_LINK_PREFIX) sfml-system$(SFML_LINK_SUFFIX)";
				SFML_WINDOW = "$(SFML_LINK_PREFIX) sfml-window$(SFML_LINK_SUFFIX)";
				SUPPORTED_PLATFORMS = macosx;
			};
			name = Release;
		};
		2DC499631C7BEAAD0070D993 /* Debug */ = {
			isa = XCBuildConfiguration;
			buildSettings = {
				INFOPLIST_FILE = "AsteroidJazz2/AsteroidJazz2-Info.plist";
				LD_RUNPATH_SEARCH_PATHS = "@loader_path/../Frameworks";
				PRODUCT_NAME = "$(TARGET_NAME)";
			};
			name = Debug;
		};
		2DC499641C7BEAAD0070D993 /* Release */ = {
			isa = XCBuildConfiguration;
			buildSettings = {
				INFOPLIST_FILE = "AsteroidJazz2/AsteroidJazz2-Info.plist";
				LD_RUNPATH_SEARCH_PATHS = "@loader_path/../Frameworks";
				PRODUCT_NAME = "$(TARGET_NAME)";
			};
			name = Release;
		};
/* End XCBuildConfiguration section */

/* Begin XCConfigurationList section */
		2DC499471C7BEAAD0070D993 /* Build configuration list for PBXProject "AsteroidJazz2" */ = {
			isa = XCConfigurationList;
			buildConfigurations = (
				2DC499601C7BEAAD0070D993 /* Debug */,
				2DC499611C7BEAAD0070D993 /* Release */,
			);
			defaultConfigurationIsVisible = 0;
			defaultConfigurationName = Release;
		};
		2DC499621C7BEAAD0070D993 /* Build configuration list for PBXNativeTarget "AsteroidJazz2" */ = {
			isa = XCConfigurationList;
			buildConfigurations = (
				2DC499631C7BEAAD0070D993 /* Debug */,
				2DC499641C7BEAAD0070D993 /* Release */,
			);
			defaultConfigurationIsVisible = 0;
			defaultConfigurationName = Release;
		};
/* End XCConfigurationList section */
	};
	rootObject = 2DC499441C7BEAAD0070D993 /* Project object */;
}
